
Microsoft Visual Studio Solution File, Format Version 12.00
# Visual Studio Version 16
VisualStudioVersion = 16.0.29102.190
MinimumVisualStudioVersion = 10.0.40219.1
Project("{FAE04EC0-301F-11D3-BF4B-00C04F79EFBC}") = "ConsignmentShopUI", "ConsignmentShopUI.csproj", "{2ADA19C8-07A9-49E2-BEC5-1FD0AC7AC938}"
EndProject
Global
	GlobalSection(SolutionConfigurationPlatforms) = preSolution
		Debug|Any CPU = Debug|Any CPU
		Release|Any CPU = Release|Any CPU
	EndGlobalSection
	GlobalSection(ProjectConfigurationPlatforms) = postSolution
		{2ADA19C8-07A9-49E2-BEC5-1FD0AC7AC938}.Debug|Any CPU.ActiveCfg = Debug|Any CPU
		{2ADA19C8-07A9-49E2-BEC5-1FD0AC7AC938}.Debug|Any CPU.Build.0 = Debug|Any CPU
		{2ADA19C8-07A9-49E2-BEC5-1FD0AC7AC938}.Release|Any CPU.ActiveCfg = Release|Any CPU
		{2ADA19C8-07A9-49E2-BEC5-1FD0AC7AC938}.Release|Any CPU.Build.0 = Release|Any CPU
	EndGlobalSection
	GlobalSection(SolutionProperties) = preSolution
		HideSolutionNode = FALSE
	EndGlobalSection
	GlobalSection(ExtensibilityGlobals) = postSolution
		SolutionGuid = {813752E2-397C-4D4D-BE1A-17503517A574}
	EndGlobalSection
EndGlobal
